{
  "name": "kalba",
  "lockfileVersion": 3,
  "requires": true,
  "packages": {
    "": {
      "dependencies": {
        "@config-plugins/react-native-webrtc": "^13.0.0"
      }
    },
    "node_modules/@config-plugins/react-native-webrtc": {
      "version": "13.0.0",
      "resolved": "https://registry.npmjs.org/@config-plugins/react-native-webrtc/-/react-native-webrtc-13.0.0.tgz",
      "integrity": "sha512-EtRRLXmsU4GcDA3TgIxtqg++eh/CjbI6EV8N/1EFQTtaWI2lpww0fg+S0wd+ndXE0dFWaLqUFvZuyTAaAoOSeA==",
      "license": "MIT",
      "peerDependencies": {
        "expo": "^54"
      }
    }
  }
}
